// !$*UTF8*$!
{
	archiveVersion = 1;
	classes = {
	};
	objectVersion = 50;
	objects = {

/* Begin PBXBuildFile section */
		16F6F2DE22B997DC00B26962 /* AppDelegate.swift in Sources */ = {isa = PBXBuildFile; fileRef = 16F6F2DD22B997DC00B26962 /* AppDelegate.swift */; };
		16F6F2E022B997DC00B26962 /* ViewController.swift in Sources */ = {isa = PBXBuildFile; fileRef = 16F6F2DF22B997DC00B26962 /* ViewController.swift */; };
		16F6F2E322B997DC00B26962 /* Main.storyboard in Resources */ = {isa = PBXBuildFile; fileRef = 16F6F2E122B997DC00B26962 /* Main.storyboard */; };
		16F6F2E622B997DC00B26962 /* TaskApp27.xcdatamodeld in Sources */ = {isa = PBXBuildFile; fileRef = 16F6F2E422B997DC00B26962 /* TaskApp27.xcdatamodeld */; };
		16F6F2E822B997DD00B26962 /* Assets.xcassets in Resources */ = {isa = PBXBuildFile; fileRef = 16F6F2E722B997DD00B26962 /* Assets.xcassets */; };
		16F6F2EB22B997DD00B26962 /* LaunchScreen.storyboard in Resources */ = {isa = PBXBuildFile; fileRef = 16F6F2E922B997DD00B26962 /* LaunchScreen.storyboard */; };
/* End PBXBuildFile section */

/* Begin PBXFileReference section */
		16F6F2DA22B997DC00B26962 /* TaskApp27.app */ = {isa = PBXFileReference; explicitFileType = wrapper.application; includeInIndex = 0; path = TaskApp27.app; sourceTree = BUILT_PRODUCTS_DIR; };
		16F6F2DD22B997DC00B26962 /* AppDelegate.swift */ = {isa = PBXFileReference; lastKnownFileType = sourcecode.swift; path = AppDelegate.swift; sourceTree = "<group>"; };
		16F6F2DF22B997DC00B26962 /* ViewController.swift */ = {isa = PBXFileReference; lastKnownFileType = sourcecode.swift; path = ViewController.swift; sourceTree = "<group>"; };
		16F6F2E222B997DC00B26962 /* Base */ = {isa = PBXFileReference; lastKnownFileType = file.storyboard; name = Base; path = Base.lproj/Main.storyboard; sourceTree = "<group>"; };
		16F6F2E522B997DC00B26962 /* TaskApp27.xcdatamodel */ = {isa = PBXFileReference; lastKnownFileType = wrapper.xcdatamodel; path = TaskApp27.xcdatamodel; sourceTree = "<group>"; };
		16F6F2E722B997DD00B26962 /* Assets.xcassets */ = {isa = PBXFileReference; lastKnownFileType = folder.assetcatalog; path = Assets.xcassets; sourceTree = "<group>"; };
		16F6F2EA22B997DD00B26962 /* Base */ = {isa = PBXFileReference; lastKnownFileType = file.storyboard; name = Base; path = Base.lproj/LaunchScreen.storyboard; sourceTree = "<group>"; };
		16F6F2EC22B997DD00B26962 /* Info.plist */ = {isa = PBXFileReference; lastKnownFileType = text.plist.xml; path = Info.plist; sourceTree = "<group>"; };
/* End PBXFileReference section */

/* Begin PBXFrameworksBuildPhase section */
		16F6F2D722B997DC00B26962 /* Frameworks */ = {
			isa = PBXFrameworksBuildPhase;
			buildActionMask = 2147483647;
			files = (
			);
			runOnlyForDeploymentPostprocessing = 0;
		};
/* End PBXFrameworksBuildPhase section */

/* Begin PBXGroup section */
		16F6F2D122B997DC00B26962 = {
			isa = PBXGroup;
			children = (
				16F6F2DC22B997DC00B26962 /* TaskApp27 */,
				16F6F2DB22B997DC00B26962 /* Products */,
			);
			sourceTree = "<group>";
		};
		16F6F2DB22B997DC00B26962 /* Products */ = {
			isa = PBXGroup;
			children = (
				16F6F2DA22B997DC00B26962 /* TaskApp27.app */,
			);
			name = Products;
			sourceTree = "<group>";
		};
		16F6F2DC22B997DC00B26962 /* TaskApp27 */ = {
			isa = PBXGroup;
			children = (
				16F6F2DD22B997DC00B26962 /* AppDelegate.swift */,
				16F6F2DF22B997DC00B26962 /* ViewController.swift */,
				16F6F2E122B997DC00B26962 /* Main.storyboard */,
				16F6F2E722B997DD00B26962 /* Assets.xcassets */,
				16F6F2E922B997DD00B26962 /* LaunchScreen.storyboard */,
				16F6F2EC22B997DD00B26962 /* Info.plist */,
				16F6F2E422B997DC00B26962 /* TaskApp27.xcdatamodeld */,
			);
			path = TaskApp27;
			sourceTree = "<group>";
		};
/* End PBXGroup section */

/* Begin PBXNativeTarget section */
		16F6F2D922B997DC00B26962 /* TaskApp27 */ = {
			isa = PBXNativeTarget;
			buildConfigurationList = 16F6F2EF22B997DD00B26962 /* Build configuration list for PBXNativeTarget "TaskApp27" */;
			buildPhases = (
				16F6F2D622B997DC00B26962 /* Sources */,
				16F6F2D722B997DC00B26962 /* Frameworks */,
				16F6F2D822B997DC00B26962 /* Resources */,
			);
			buildRules = (
			);
			dependencies = (
			);
			name = TaskApp27;
			productName = TaskApp27;
			productReference = 16F6F2DA22B997DC00B26962 /* TaskApp27.app */;
			productType = "com.apple.product-type.application";
		};
/* End PBXNativeTarget section */

/* Begin PBXProject section */
		16F6F2D222B997DC00B26962 /* Project object */ = {
			isa = PBXProject;
			attributes = {
				LastSwiftUpdateCheck = 1020;
				LastUpgradeCheck = 1020;
				ORGANIZATIONNAME = "Leah Cluff";
				TargetAttributes = {
					16F6F2D922B997DC00B26962 = {
						CreatedOnToolsVersion = 10.2.1;
					};
				};
			};
			buildConfigurationList = 16F6F2D522B997DC00B26962 /* Build configuration list for PBXProject "TaskApp27" */;
			compatibilityVersion = "Xcode 9.3";
			developmentRegion = en;
			hasScannedForEncodings = 0;
			knownRegions = (
				en,
				Base,
			);
			mainGroup = 16F6F2D122B997DC00B26962;
			productRefGroup = 16F6F2DB22B997DC00B26962 /* Products */;
			projectDirPath = "";
			projectRoot = "";
			targets = (
				16F6F2D922B997DC00B26962 /* TaskApp27 */,
			);
		};
/* End PBXProject section */

/* Begin PBXResourcesBuildPhase section */
		16F6F2D822B997DC00B26962 /* Resources */ = {
			isa = PBXResourcesBuildPhase;
			buildActionMask = 2147483647;
			files = (
				16F6F2EB22B997DD00B26962 /* LaunchScreen.storyboard in Resources */,
				16F6F2E822B997DD00B26962 /* Assets.xcassets in Resources */,
				16F6F2E322B997DC00B26962 /* Main.storyboard in Resources */,
			);
			runOnlyForDeploymentPostprocessing = 0;
		};
/* End PBXResourcesBuildPhase section */

/* Begin PBXSourcesBuildPhase section */
		16F6F2D622B997DC00B26962 /* Sources */ = {
			isa = PBXSourcesBuildPhase;
			buildActionMask = 2147483647;
			files = (
				16F6F2E622B997DC00B26962 /* TaskApp27.xcdatamodeld in Sources */,
				16F6F2E022B997DC00B26962 /* ViewController.swift in Sources */,
				16F6F2DE22B997DC00B26962 /* AppDelegate.swift in Sources */,
			);
			runOnlyForDeploymentPostprocessing = 0;
		};
/* End PBXSourcesBuildPhase section */

/* Begin PBXVariantGroup section */
		16F6F2E122B997DC00B26962 /* Main.storyboard */ = {
			isa = PBXVariantGroup;
			children = (
				16F6F2E222B997DC00B26962 /* Base */,
			);
			name = Main.storyboard;
			sourceTree = "<group>";
		};
		16F6F2E922B997DD00B26962 /* LaunchScreen.storyboard */ = {
			isa = PBXVariantGroup;
			children = (
				16F6F2EA22B997DD00B26962 /* Base */,
			);
			name = LaunchScreen.storyboard;
			sourceTree = "<group>";
		};
/* End PBXVariantGroup section */

/* Begin XCBuildConfiguration section */
		16F6F2ED22B997DD00B26962 /* Debug */ = {
			isa = XCBuildConfiguration;
			buildSettings = {
				ALWAYS_SEARCH_USER_PATHS = NO;
				CLANG_ANALYZER_NONNULL = YES;
				CLANG_ANALYZER_NUMBER_OBJECT_CONVERSION = YES_AGGRESSIVE;
				CLANG_CXX_LANGUAGE_STANDARD = "gnu++14";
				CLANG_CXX_LIBRARY = "libc++";
				CLANG_ENABLE_MODULES = YES;
				CLANG_ENABLE_OBJC_ARC = YES;
				CLANG_ENABLE_OBJC_WEAK = YES;
				CLANG_WARN_BLOCK_CAPTURE_AUTORELEASING = YES;
				CLANG_WARN_BOOL_CONVERSION = YES;
				CLANG_WARN_COMMA = YES;
				CLANG_WARN_CONSTANT_CONVERSION = YES;
				CLANG_WARN_DEPRECATED_OBJC_IMPLEMENTATIONS = YES;
				CLANG_WARN_DIRECT_OBJC_ISA_USAGE = YES_ERROR;
				CLANG_WARN_DOCUMENTATION_COMMENTS = YES;
				CLANG_WARN_EMPTY_BODY = YES;
				CLANG_WARN_ENUM_CONVERSION = YES;
				CLANG_WARN_INFINITE_RECURSION = YES;
				CLANG_WARN_INT_CONVERSION = YES;
				CLANG_WARN_NON_LITERAL_NULL_CONVERSION = YES;
				CLANG_WARN_OBJC_IMPLICIT_RETAIN_SELF = YES;
				CLANG_WARN_OBJC_LITERAL_CONVERSION = YES;
				CLANG_WARN_OBJC_ROOT_CLASS = YES_ERROR;
				CLANG_WARN_RANGE_LOOP_ANALYSIS = YES;
				CLANG_WARN_STRICT_PROTOTYPES = YES;
				CLANG_WARN_SUSPICIOUS_MOVE = YES;
				CLANG_WARN_UNGUARDED_AVAILABILITY = YES_AGGRESSIVE;
				CLANG_WARN_UNREACHABLE_CODE = YES;
				CLANG_WARN__DUPLICATE_METHOD_MATCH = YES;
				CODE_SIGN_IDENTITY = "iPhone Developer";
				COPY_PHASE_STRIP = NO;
				DEBUG_INFORMATION_FORMAT = dwarf;
				ENABLE_STRICT_OBJC_MSGSEND = YES;
				ENABLE_TESTABILITY = YES;
				GCC_C_LANGUAGE_STANDARD = gnu11;
				GCC_DYNAMIC_NO_PIC = NO;
				GCC_NO_COMMON_BLOCKS = YES;
				GCC_OPTIMIZATION_LEVEL = 0;
				GCC_PREPROCESSOR_DEFINITIONS = (
					"DEBUG=1",
					"$(inherited)",
				);
				GCC_WARN_64_TO_32_BIT_CONVERSION = YES;
				GCC_WARN_ABOUT_RETURN_TYPE = YES_ERROR;
				GCC_WARN_UNDECLARED_SELECTOR = YES;
				GCC_WARN_UNINITIALIZED_AUTOS = YES_AGGRESSIVE;
				GCC_WARN_UNUSED_FUNCTION = YES;
				GCC_WARN_UNUSED_VARIABLE = YES;
				IPHONEOS_DEPLOYMENT_TARGET = 12.2;
				MTL_ENABLE_DEBUG_INFO = INCLUDE_SOURCE;
				MTL_FAST_MATH = YES;
				ONLY_ACTIVE_ARCH = YES;
				SDKROOT = iphoneos;
				SWIFT_ACTIVE_COMPILATION_CONDITIONS = DEBUG;
				SWIFT_OPTIMIZATION_LEVEL = "-Onone";
			};
			name = Debug;
		};
		16F6F2EE22B997DD00B26962 /* Release */ = {
			isa = XCBuildConfiguration;
			buildSettings = {
				ALWAYS_SEARCH_USER_PATHS = NO;
				CLANG_ANALYZER_NONNULL = YES;
				CLANG_ANALYZER_NUMBER_OBJECT_CONVERSION = YES_AGGRESSIVE;
				CLANG_CXX_LANGUAGE_STANDARD = "gnu++14";
				CLANG_CXX_LIBRARY = "libc++";
				CLANG_ENABLE_MODULES = YES;
				CLANG_ENABLE_OBJC_ARC = YES;
				CLANG_ENABLE_OBJC_WEAK = YES;
				CLANG_WARN_BLOCK_CAPTURE_AUTORELEASING = YES;
				CLANG_WARN_BOOL_CONVERSION = YES;
				CLANG_WARN_COMMA = YES;
				CLANG_WARN_CONSTANT_CONVERSION = YES;
				CLANG_WARN_DEPRECATED_OBJC_IMPLEMENTATIONS = YES;
				CLANG_WARN_DIRECT_OBJC_ISA_USAGE = YES_ERROR;
				CLANG_WARN_DOCUMENTATION_COMMENTS = YES;
				CLANG_WARN_EMPTY_BODY = YES;
				CLANG_WARN_ENUM_CONVERSION = YES;
				CLANG_WARN_INFINITE_RECURSION = YES;
				CLANG_WARN_INT_CONVERSION = YES;
				CLANG_WARN_NON_LITERAL_NULL_CONVERSION = YES;
				CLANG_WARN_OBJC_IMPLICIT_RETAIN_SELF = YES;
				CLANG_WARN_OBJC_LITERAL_CONVERSION = YES;
				CLANG_WARN_OBJC_ROOT_CLASS = YES_ERROR;
				CLANG_WARN_RANGE_LOOP_ANALYSIS = YES;
				CLANG_WARN_STRICT_PROTOTYPES = YES;
				CLANG_WARN_SUSPICIOUS_MOVE = YES;
				CLANG_WARN_UNGUARDED_AVAILABILITY = YES_AGGRESSIVE;
				CLANG_WARN_UNREACHABLE_CODE = YES;
				CLANG_WARN__DUPLICATE_METHOD_MATCH = YES;
				CODE_SIGN_IDENTITY = "iPhone Developer";
				COPY_PHASE_STRIP = NO;
				DEBUG_INFORMATION_FORMAT = "dwarf-with-dsym";
				ENABLE_NS_ASSERTIONS = NO;
				ENABLE_STRICT_OBJC_MSGSEND = YES;
				GCC_C_LANGUAGE_STANDARD = gnu11;
				GCC_NO_COMMON_BLOCKS = YES;
				GCC_WARN_64_TO_32_BIT_CONVERSION = YES;
				GCC_WARN_ABOUT_RETURN_TYPE = YES_ERROR;
				GCC_WARN_UNDECLARED_SELECTOR = YES;
				GCC_WARN_UNINITIALIZED_AUTOS = YES_AGGRESSIVE;
				GCC_WARN_UNUSED_FUNCTION = YES;
				GCC_WARN_UNUSED_VARIABLE = YES;
				IPHONEOS_DEPLOYMENT_TARGET = 12.2;
				MTL_ENABLE_DEBUG_INFO = NO;
				MTL_FAST_MATH = YES;
				SDKROOT = iphoneos;
				SWIFT_COMPILATION_MODE = wholemodule;
				SWIFT_OPTIMIZATION_LEVEL = "-O";
				VALIDATE_PRODUCT = YES;
			};
			name = Release;
		};
		16F6F2F022B997DD00B26962 /* Debug */ = {
			isa = XCBuildConfiguration;
			buildSettings = {
				ASSETCATALOG_COMPILER_APPICON_NAME = AppIcon;
				CODE_SIGN_STYLE = Automatic;
				DEVELOPMENT_TEAM = C3BD4H8DKG;
				INFOPLIST_FILE = TaskApp27/Info.plist;
				LD_RUNPATH_SEARCH_PATHS = (
					"$(inherited)",
					"@executable_path/Frameworks",
				);
				PRODUCT_BUNDLE_IDENTIFIER = "Leah-Cluff.TaskApp27";
				PRODUCT_NAME = "$(TARGET_NAME)";
				SWIFT_VERSION = 5.0;
				TARGETED_DEVICE_FAMILY = "1,2";
			};
			name = Debug;
		};
		16F6F2F122B997DD00B26962 /* Release */ = {
			isa = XCBuildConfiguration;
			buildSettings = {
				ASSETCATALOG_COMPILER_APPICON_NAME = AppIcon;
				CODE_SIGN_STYLE = Automatic;
				DEVELOPMENT_TEAM = C3BD4H8DKG;
				INFOPLIST_FILE = TaskApp27/Info.plist;
				LD_RUNPATH_SEARCH_PATHS = (
					"$(inherited)",
					"@executable_path/Frameworks",
				);
				PRODUCT_BUNDLE_IDENTIFIER = "Leah-Cluff.TaskApp27";
				PRODUCT_NAME = "$(TARGET_NAME)";
				SWIFT_VERSION = 5.0;
				TARGETED_DEVICE_FAMILY = "1,2";
			};
			name = Release;
		};
/* End XCBuildConfiguration section */

/* Begin XCConfigurationList section */
		16F6F2D522B997DC00B26962 /* Build configuration list for PBXProject "TaskApp27" */ = {
			isa = XCConfigurationList;
			buildConfigurations = (
				16F6F2ED22B997DD00B26962 /* Debug */,
				16F6F2EE22B997DD00B26962 /* Release */,
			);
			defaultConfigurationIsVisible = 0;
			defaultConfigurationName = Release;
		};
		16F6F2EF22B997DD00B26962 /* Build configuration list for PBXNativeTarget "TaskApp27" */ = {
			isa = XCConfigurationList;
			buildConfigurations = (
				16F6F2F022B997DD00B26962 /* Debug */,
				16F6F2F122B997DD00B26962 /* Release */,
			);
			defaultConfigurationIsVisible = 0;
			defaultConfigurationName = Release;
		};
/* End XCConfigurationList section */

/* Begin XCVersionGroup section */
		16F6F2E422B997DC00B26962 /* TaskApp27.xcdatamodeld */ = {
			isa = XCVersionGroup;
			children = (
				16F6F2E522B997DC00B26962 /* TaskApp27.xcdatamodel */,
			);
			currentVersion = 16F6F2E522B997DC00B26962 /* TaskApp27.xcdatamodel */;
			path = TaskApp27.xcdatamodeld;
			sourceTree = "<group>";
			versionGroupType = wrapper.xcdatamodel;
		};
/* End XCVersionGroup section */
	};
	rootObject = 16F6F2D222B997DC00B26962 /* Project object */;
}
